// !$*UTF8*$!
{
	archiveVersion = 1;
	classes = {
	};
	objectVersion = 46;
	objects = {

/* Begin PBXBuildFile section */
		65E13C781BE29CD2004C4C75 /* AppDelegate.swift in Sources */ = {isa = PBXBuildFile; fileRef = 65E13C771BE29CD2004C4C75 /* AppDelegate.swift */; };
		65E13C7A1BE29CD2004C4C75 /* ViewController.swift in Sources */ = {isa = PBXBuildFile; fileRef = 65E13C791BE29CD2004C4C75 /* ViewController.swift */; };
		65E13C7D1BE29CD2004C4C75 /* Main.storyboard in Resources */ = {isa = PBXBuildFile; fileRef = 65E13C7B1BE29CD2004C4C75 /* Main.storyboard */; };
		65E13C7F1BE29CD2004C4C75 /* Images.xcassets in Resources */ = {isa = PBXBuildFile; fileRef = 65E13C7E1BE29CD2004C4C75 /* Images.xcassets */; };
		65E13C821BE29CD2004C4C75 /* LaunchScreen.xib in Resources */ = {isa = PBXBuildFile; fileRef = 65E13C801BE29CD2004C4C75 /* LaunchScreen.xib */; };
		65E13C8E1BE29CD2004C4C75 /* ButterUpTests.swift in Sources */ = {isa = PBXBuildFile; fileRef = 65E13C8D1BE29CD2004C4C75 /* ButterUpTests.swift */; };
/* End PBXBuildFile section */

/* Begin PBXContainerItemProxy section */
		65E13C881BE29CD2004C4C75 /* PBXContainerItemProxy */ = {
			isa = PBXContainerItemProxy;
			containerPortal = 65E13C6A1BE29CD2004C4C75 /* Project object */;
			proxyType = 1;
			remoteGlobalIDString = 65E13C711BE29CD2004C4C75;
			remoteInfo = ButterUp;
		};
/* End PBXContainerItemProxy section */

/* Begin PBXFileReference section */
		65E13C721BE29CD2004C4C75 /* ButterUp.app */ = {isa = PBXFileReference; explicitFileType = wrapper.application; includeInIndex = 0; path = ButterUp.app; sourceTree = BUILT_PRODUCTS_DIR; };
		65E13C761BE29CD2004C4C75 /* Info.plist */ = {isa = PBXFileReference; lastKnownFileType = text.plist.xml; path = Info.plist; sourceTree = "<group>"; };
		65E13C771BE29CD2004C4C75 /* AppDelegate.swift */ = {isa = PBXFileReference; lastKnownFileType = sourcecode.swift; path = AppDelegate.swift; sourceTree = "<group>"; };
		65E13C791BE29CD2004C4C75 /* ViewController.swift */ = {isa = PBXFileReference; lastKnownFileType = sourcecode.swift; path = ViewController.swift; sourceTree = "<group>"; };
		65E13C7C1BE29CD2004C4C75 /* Base */ = {isa = PBXFileReference; lastKnownFileType = file.storyboard; name = Base; path = Base.lproj/Main.storyboard; sourceTree = "<group>"; };
		65E13C7E1BE29CD2004C4C75 /* Images.xcassets */ = {isa = PBXFileReference; lastKnownFileType = folder.assetcatalog; path = Images.xcassets; sourceTree = "<group>"; };
		65E13C811BE29CD2004C4C75 /* Base */ = {isa = PBXFileReference; lastKnownFileType = file.xib; name = Base; path = Base.lproj/LaunchScreen.xib; sourceTree = "<group>"; };
		65E13C871BE29CD2004C4C75 /* ButterUpTests.xctest */ = {isa = PBXFileReference; explicitFileType = wrapper.cfbundle; includeInIndex = 0; path = ButterUpTests.xctest; sourceTree = BUILT_PRODUCTS_DIR; };
		65E13C8C1BE29CD2004C4C75 /* Info.plist */ = {isa = PBXFileReference; lastKnownFileType = text.plist.xml; path = Info.plist; sourceTree = "<group>"; };
		65E13C8D1BE29CD2004C4C75 /* ButterUpTests.swift */ = {isa = PBXFileReference; lastKnownFileType = sourcecode.swift; path = ButterUpTests.swift; sourceTree = "<group>"; };
/* End PBXFileReference section */

/* Begin PBXFrameworksBuildPhase section */
		65E13C6F1BE29CD2004C4C75 /* Frameworks */ = {
			isa = PBXFrameworksBuildPhase;
			buildActionMask = 2147483647;
			files = (
			);
			runOnlyForDeploymentPostprocessing = 0;
		};
		65E13C841BE29CD2004C4C75 /* Frameworks */ = {
			isa = PBXFrameworksBuildPhase;
			buildActionMask = 2147483647;
			files = (
			);
			runOnlyForDeploymentPostprocessing = 0;
		};
/* End PBXFrameworksBuildPhase section */

/* Begin PBXGroup section */
		65E13C691BE29CD2004C4C75 = {
			isa = PBXGroup;
			children = (
				65E13C741BE29CD2004C4C75 /* ButterUp */,
				65E13C8A1BE29CD2004C4C75 /* ButterUpTests */,
				65E13C731BE29CD2004C4C75 /* Products */,
			);
			sourceTree = "<group>";
		};
		65E13C731BE29CD2004C4C75 /* Products */ = {
			isa = PBXGroup;
			children = (
				65E13C721BE29CD2004C4C75 /* ButterUp.app */,
				65E13C871BE29CD2004C4C75 /* ButterUpTests.xctest */,
			);
			name = Products;
			sourceTree = "<group>";
		};
		65E13C741BE29CD2004C4C75 /* ButterUp */ = {
			isa = PBXGroup;
			children = (
				65E13C771BE29CD2004C4C75 /* AppDelegate.swift */,
				65E13C791BE29CD2004C4C75 /* ViewController.swift */,
				65E13C7B1BE29CD2004C4C75 /* Main.storyboard */,
				65E13C7E1BE29CD2004C4C75 /* Images.xcassets */,
				65E13C801BE29CD2004C4C75 /* LaunchScreen.xib */,
				65E13C751BE29CD2004C4C75 /* Supporting Files */,
			);
			path = ButterUp;
			sourceTree = "<group>";
		};
		65E13C751BE29CD2004C4C75 /* Supporting Files */ = {
			isa = PBXGroup;
			children = (
				65E13C761BE29CD2004C4C75 /* Info.plist */,
			);
			name = "Supporting Files";
			sourceTree = "<group>";
		};
		65E13C8A1BE29CD2004C4C75 /* ButterUpTests */ = {
			isa = PBXGroup;
			children = (
				65E13C8D1BE29CD2004C4C75 /* ButterUpTests.swift */,
				65E13C8B1BE29CD2004C4C75 /* Supporting Files */,
			);
			path = ButterUpTests;
			sourceTree = "<group>";
		};
		65E13C8B1BE29CD2004C4C75 /* Supporting Files */ = {
			isa = PBXGroup;
			children = (
				65E13C8C1BE29CD2004C4C75 /* Info.plist */,
			);
			name = "Supporting Files";
			sourceTree = "<group>";
		};
/* End PBXGroup section */

/* Begin PBXNativeTarget section */
		65E13C711BE29CD2004C4C75 /* ButterUp */ = {
			isa = PBXNativeTarget;
			buildConfigurationList = 65E13C911BE29CD2004C4C75 /* Build configuration list for PBXNativeTarget "ButterUp" */;
			buildPhases = (
				65E13C6E1BE29CD2004C4C75 /* Sources */,
				65E13C6F1BE29CD2004C4C75 /* Frameworks */,
				65E13C701BE29CD2004C4C75 /* Resources */,
			);
			buildRules = (
			);
			dependencies = (
			);
			name = ButterUp;
			productName = ButterUp;
			productReference = 65E13C721BE29CD2004C4C75 /* ButterUp.app */;
			productType = "com.apple.product-type.application";
		};
		65E13C861BE29CD2004C4C75 /* ButterUpTests */ = {
			isa = PBXNativeTarget;
			buildConfigurationList = 65E13C941BE29CD2004C4C75 /* Build configuration list for PBXNativeTarget "ButterUpTests" */;
			buildPhases = (
				65E13C831BE29CD2004C4C75 /* Sources */,
				65E13C841BE29CD2004C4C75 /* Frameworks */,
				65E13C851BE29CD2004C4C75 /* Resources */,
			);
			buildRules = (
			);
			dependencies = (
				65E13C891BE29CD2004C4C75 /* PBXTargetDependency */,
			);
			name = ButterUpTests;
			productName = ButterUpTests;
			productReference = 65E13C871BE29CD2004C4C75 /* ButterUpTests.xctest */;
			productType = "com.apple.product-type.bundle.unit-test";
		};
/* End PBXNativeTarget section */

/* Begin PBXProject section */
		65E13C6A1BE29CD2004C4C75 /* Project object */ = {
			isa = PBXProject;
			attributes = {
				LastUpgradeCheck = 0640;
				ORGANIZATIONNAME = "ButterUp inc.";
				TargetAttributes = {
					65E13C711BE29CD2004C4C75 = {
						CreatedOnToolsVersion = 6.4;
					};
					65E13C861BE29CD2004C4C75 = {
						CreatedOnToolsVersion = 6.4;
						TestTargetID = 65E13C711BE29CD2004C4C75;
					};
				};
			};
			buildConfigurationList = 65E13C6D1BE29CD2004C4C75 /* Build configuration list for PBXProject "ButterUp" */;
			compatibilityVersion = "Xcode 3.2";
			developmentRegion = English;
			hasScannedForEncodings = 0;
			knownRegions = (
				en,
				Base,
			);
			mainGroup = 65E13C691BE29CD2004C4C75;
			productRefGroup = 65E13C731BE29CD2004C4C75 /* Products */;
			projectDirPath = "";
			projectRoot = "";
			targets = (
				65E13C711BE29CD2004C4C75 /* ButterUp */,
				65E13C861BE29CD2004C4C75 /* ButterUpTests */,
			);
		};
/* End PBXProject section */

/* Begin PBXResourcesBuildPhase section */
		65E13C701BE29CD2004C4C75 /* Resources */ = {
			isa = PBXResourcesBuildPhase;
			buildActionMask = 2147483647;
			files = (
				65E13C7D1BE29CD2004C4C75 /* Main.storyboard in Resources */,
				65E13C821BE29CD2004C4C75 /* LaunchScreen.xib in Resources */,
				65E13C7F1BE29CD2004C4C75 /* Images.xcassets in Resources */,
			);
			runOnlyForDeploymentPostprocessing = 0;
		};
		65E13C851BE29CD2004C4C75 /* Resources */ = {
			isa = PBXResourcesBuildPhase;
			buildActionMask = 2147483647;
			files = (
			);
			runOnlyForDeploymentPostprocessing = 0;
		};
/* End PBXResourcesBuildPhase section */

/* Begin PBXSourcesBuildPhase section */
		65E13C6E1BE29CD2004C4C75 /* Sources */ = {
			isa = PBXSourcesBuildPhase;
			buildActionMask = 2147483647;
			files = (
				65E13C7A1BE29CD2004C4C75 /* ViewController.swift in Sources */,
				65E13C781BE29CD2004C4C75 /* AppDelegate.swift in Sources */,
			);
			runOnlyForDeploymentPostprocessing = 0;
		};
		65E13C831BE29CD2004C4C75 /* Sources */ = {
			isa = PBXSourcesBuildPhase;
			buildActionMask = 2147483647;
			files = (
				65E13C8E1BE29CD2004C4C75 /* ButterUpTests.swift in Sources */,
			);
			runOnlyForDeploymentPostprocessing = 0;
		};
/* End PBXSourcesBuildPhase section */

/* Begin PBXTargetDependency section */
		65E13C891BE29CD2004C4C75 /* PBXTargetDependency */ = {
			isa = PBXTargetDependency;
			target = 65E13C711BE29CD2004C4C75 /* ButterUp */;
			targetProxy = 65E13C881BE29CD2004C4C75 /* PBXContainerItemProxy */;
		};
/* End PBXTargetDependency section */

/* Begin PBXVariantGroup section */
		65E13C7B1BE29CD2004C4C75 /* Main.storyboard */ = {
			isa = PBXVariantGroup;
			children = (
				65E13C7C1BE29CD2004C4C75 /* Base */,
			);
			name = Main.storyboard;
			sourceTree = "<group>";
		};
		65E13C801BE29CD2004C4C75 /* LaunchScreen.xib */ = {
			isa = PBXVariantGroup;
			children = (
				65E13C811BE29CD2004C4C75 /* Base */,
			);
			name = LaunchScreen.xib;
			sourceTree = "<group>";
		};
/* End PBXVariantGroup section */

/* Begin XCBuildConfiguration section */
		65E13C8F1BE29CD2004C4C75 /* Debug */ = {
			isa = XCBuildConfiguration;
			buildSettings = {
				ALWAYS_SEARCH_USER_PATHS = NO;
				CLANG_CXX_LANGUAGE_STANDARD = "gnu++0x";
				CLANG_CXX_LIBRARY = "libc++";
				CLANG_ENABLE_MODULES = YES;
				CLANG_ENABLE_OBJC_ARC = YES;
				CLANG_WARN_BOOL_CONVERSION = YES;
				CLANG_WARN_CONSTANT_CONVERSION = YES;
				CLANG_WARN_DIRECT_OBJC_ISA_USAGE = YES_ERROR;
				CLANG_WARN_EMPTY_BODY = YES;
				CLANG_WARN_ENUM_CONVERSION = YES;
				CLANG_WARN_INT_CONVERSION = YES;
				CLANG_WARN_OBJC_ROOT_CLASS = YES_ERROR;
				CLANG_WARN_UNREACHABLE_CODE = YES;
				CLANG_WARN__DUPLICATE_METHOD_MATCH = YES;
				"CODE_SIGN_IDENTITY[sdk=iphoneos*]" = "iPhone Developer";
				COPY_PHASE_STRIP = NO;
				DEBUG_INFORMATION_FORMAT = "dwarf-with-dsym";
				ENABLE_STRICT_OBJC_MSGSEND = YES;
				GCC_C_LANGUAGE_STANDARD = gnu99;
				GCC_DYNAMIC_NO_PIC = NO;
				GCC_NO_COMMON_BLOCKS = YES;
				GCC_OPTIMIZATION_LEVEL = 0;
				GCC_PREPROCESSOR_DEFINITIONS = (
					"DEBUG=1",
					"$(inherited)",
				);
				GCC_SYMBOLS_PRIVATE_EXTERN = NO;
				GCC_WARN_64_TO_32_BIT_CONVERSION = YES;
				GCC_WARN_ABOUT_RETURN_TYPE = YES_ERROR;
				GCC_WARN_UNDECLARED_SELECTOR = YES;
				GCC_WARN_UNINITIALIZED_AUTOS = YES_AGGRESSIVE;
				GCC_WARN_UNUSED_FUNCTION = YES;
				GCC_WARN_UNUSED_VARIABLE = YES;
				IPHONEOS_DEPLOYMENT_TARGET = 8.4;
				MTL_ENABLE_DEBUG_INFO = YES;
				ONLY_ACTIVE_ARCH = YES;
				SDKROOT = iphoneos;
				SWIFT_OPTIMIZATION_LEVEL = "-Onone";
			};
			name = Debug;
		};
		65E13C901BE29CD2004C4C75 /* Release */ = {
			isa = XCBuildConfiguration;
			buildSettings = {
				ALWAYS_SEARCH_USER_PATHS = NO;
				CLANG_CXX_LANGUAGE_STANDARD = "gnu++0x";
				CLANG_CXX_LIBRARY = "libc++";
				CLANG_ENABLE_MODULES = YES;
				CLANG_ENABLE_OBJC_ARC = YES;
				CLANG_WARN_BOOL_CONVERSION = YES;
				CLANG_WARN_CONSTANT_CONVERSION = YES;
				CLANG_WARN_DIRECT_OBJC_ISA_USAGE = YES_ERROR;
				CLANG_WARN_EMPTY_BODY = YES;
				CLANG_WARN_ENUM_CONVERSION = YES;
				CLANG_WARN_INT_CONVERSION = YES;
				CLANG_WARN_OBJC_ROOT_CLASS = YES_ERROR;
				CLANG_WARN_UNREACHABLE_CODE = YES;
				CLANG_WARN__DUPLICATE_METHOD_MATCH = YES;
				"CODE_SIGN_IDENTITY[sdk=iphoneos*]" = "iPhone Developer";
				COPY_PHASE_STRIP = NO;
				DEBUG_INFORMATION_FORMAT = "dwarf-with-dsym";
				ENABLE_NS_ASSERTIONS = NO;
				ENABLE_STRICT_OBJC_MSGSEND = YES;
				GCC_C_LANGUAGE_STANDARD = gnu99;
				GCC_NO_COMMON_BLOCKS = YES;
				GCC_WARN_64_TO_32_BIT_CONVERSION = YES;
				GCC_WARN_ABOUT_RETURN_TYPE = YES_ERROR;
				GCC_WARN_UNDECLARED_SELECTOR = YES;
				GCC_WARN_UNINITIALIZED_AUTOS = YES_AGGRESSIVE;
				GCC_WARN_UNUSED_FUNCTION = YES;
				GCC_WARN_UNUSED_VARIABLE = YES;
				IPHONEOS_DEPLOYMENT_TARGET = 8.4;
				MTL_ENABLE_DEBUG_INFO = NO;
				SDKROOT = iphoneos;
				VALIDATE_PRODUCT = YES;
			};
			name = Release;
		};
		65E13C921BE29CD2004C4C75 /* Debug */ = {
			isa = XCBuildConfiguration;
			buildSettings = {
				ASSETCATALOG_COMPILER_APPICON_NAME = AppIcon;
				INFOPLIST_FILE = ButterUp/Info.plist;
				LD_RUNPATH_SEARCH_PATHS = "$(inherited) @executable_path/Frameworks";
				PRODUCT_NAME = "$(TARGET_NAME)";
			};
			name = Debug;
		};
		65E13C931BE29CD2004C4C75 /* Release */ = {
			isa = XCBuildConfiguration;
			buildSettings = {
				ASSETCATALOG_COMPILER_APPICON_NAME = AppIcon;
				INFOPLIST_FILE = ButterUp/Info.plist;
				LD_RUNPATH_SEARCH_PATHS = "$(inherited) @executable_path/Frameworks";
				PRODUCT_NAME = "$(TARGET_NAME)";
			};
			name = Release;
		};
		65E13C951BE29CD2004C4C75 /* Debug */ = {
			isa = XCBuildConfiguration;
			buildSettings = {
				BUNDLE_LOADER = "$(TEST_HOST)";
				FRAMEWORK_SEARCH_PATHS = (
					"$(SDKROOT)/Developer/Library/Frameworks",
					"$(inherited)",
				);
				GCC_PREPROCESSOR_DEFINITIONS = (
					"DEBUG=1",
					"$(inherited)",
				);
				INFOPLIST_FILE = ButterUpTests/Info.plist;
				LD_RUNPATH_SEARCH_PATHS = "$(inherited) @executable_path/Frameworks @loader_path/Frameworks";
				PRODUCT_NAME = "$(TARGET_NAME)";
				TEST_HOST = "$(BUILT_PRODUCTS_DIR)/ButterUp.app/ButterUp";
			};
			name = Debug;
		};
		65E13C961BE29CD2004C4C75 /* Release */ = {
			isa = XCBuildConfiguration;
			buildSettings = {
				BUNDLE_LOADER = "$(TEST_HOST)";
				FRAMEWORK_SEARCH_PATHS = (
					"$(SDKROOT)/Developer/Library/Frameworks",
					"$(inherited)",
				);
				INFOPLIST_FILE = ButterUpTests/Info.plist;
				LD_RUNPATH_SEARCH_PATHS = "$(inherited) @executable_path/Frameworks @loader_path/Frameworks";
				PRODUCT_NAME = "$(TARGET_NAME)";
				TEST_HOST = "$(BUILT_PRODUCTS_DIR)/ButterUp.app/ButterUp";
			};
			name = Release;
		};
/* End XCBuildConfiguration section */

/* Begin XCConfigurationList section */
		65E13C6D1BE29CD2004C4C75 /* Build configuration list for PBXProject "ButterUp" */ = {
			isa = XCConfigurationList;
			buildConfigurations = (
				65E13C8F1BE29CD2004C4C75 /* Debug */,
				65E13C901BE29CD2004C4C75 /* Release */,
			);
			defaultConfigurationIsVisible = 0;
			defaultConfigurationName = Release;
		};
		65E13C911BE29CD2004C4C75 /* Build configuration list for PBXNativeTarget "ButterUp" */ = {
			isa = XCConfigurationList;
			buildConfigurations = (
				65E13C921BE29CD2004C4C75 /* Debug */,
				65E13C931BE29CD2004C4C75 /* Release */,
			);
			defaultConfigurationIsVisible = 0;
		};
		65E13C941BE29CD2004C4C75 /* Build configuration list for PBXNativeTarget "ButterUpTests" */ = {
			isa = XCConfigurationList;
			buildConfigurations = (
				65E13C951BE29CD2004C4C75 /* Debug */,
				65E13C961BE29CD2004C4C75 /* Release */,
			);
			defaultConfigurationIsVisible = 0;
		};
/* End XCConfigurationList section */
	};
	rootObject = 65E13C6A1BE29CD2004C4C75 /* Project object */;
}
